
Microsoft Visual Studio Solution File, Format Version 12.00
# Visual Studio 14
VisualStudioVersion = 14.0.25123.0
MinimumVisualStudioVersion = 10.0.40219.1
Project("{FAE04EC0-301F-11D3-BF4B-00C04F79EFBC}") = "Week2", "Week2\Week2.csproj", "{BFF66D9F-86E2-4713-8734-5B7FD1D5981B}"
EndProject
Global
	GlobalSection(SolutionConfigurationPlatforms) = preSolution
		Debug|Any CPU = Debug|Any CPU
		Release|Any CPU = Release|Any CPU
	EndGlobalSection
	GlobalSection(ProjectConfigurationPlatforms) = postSolution
		{BFF66D9F-86E2-4713-8734-5B7FD1D5981B}.Debug|Any CPU.ActiveCfg = Debug|Any CPU
		{BFF66D9F-86E2-4713-8734-5B7FD1D5981B}.Debug|Any CPU.Build.0 = Debug|Any CPU
		{BFF66D9F-86E2-4713-8734-5B7FD1D5981B}.Release|Any CPU.ActiveCfg = Release|Any CPU
		{BFF66D9F-86E2-4713-8734-5B7FD1D5981B}.Release|Any CPU.Build.0 = Release|Any CPU
	EndGlobalSection
	GlobalSection(SolutionProperties) = preSolution
		HideSolutionNode = FALSE
	EndGlobalSection
EndGlobal
